
Microsoft Visual Studio Solution File, Format Version 12.00
# Visual Studio 2015
Project("{FAE04EC0-301F-11D3-BF4B-00C04F79EFBC}") = "SteamVR", "SteamVR.csproj", "{88AF23DB-5AD2-27D3-1207-19A2A3452C92}"
EndProject
Project("{FAE04EC0-301F-11D3-BF4B-00C04F79EFBC}") = "Assembly-CSharp", "Assembly-CSharp.csproj", "{2723F00E-D669-6D54-74E3-59E92CCD286E}"
EndProject
Project("{FAE04EC0-301F-11D3-BF4B-00C04F79EFBC}") = "SteamVR_Actions", "SteamVR_Actions.csproj", "{C786DDCE-4CFE-B151-09D6-16C635A62321}"
EndProject
Project("{FAE04EC0-301F-11D3-BF4B-00C04F79EFBC}") = "SteamVR_Editor", "SteamVR_Editor.csproj", "{BDD0A5BD-37CD-5D02-4735-F272027CBD80}"
EndProject
Project("{FAE04EC0-301F-11D3-BF4B-00C04F79EFBC}") = "SteamVR_Input_Editor", "SteamVR_Input_Editor.csproj", "{821216F2-787B-8802-C443-2CDFB3AFD2DB}"
EndProject
Project("{FAE04EC0-301F-11D3-BF4B-00C04F79EFBC}") = "SteamVR_Windows_EditorHelper", "SteamVR_Windows_EditorHelper.csproj", "{BC0D576B-767C-C5DD-30E6-91DDBBFB5107}"
EndProject
Global
	GlobalSection(SolutionConfigurationPlatforms) = preSolution
		Debug|Any CPU = Debug|Any CPU
		Release|Any CPU = Release|Any CPU
	EndGlobalSection
	GlobalSection(ProjectConfigurationPlatforms) = postSolution
		{88AF23DB-5AD2-27D3-1207-19A2A3452C92}.Debug|Any CPU.ActiveCfg = Debug|Any CPU
		{88AF23DB-5AD2-27D3-1207-19A2A3452C92}.Debug|Any CPU.Build.0 = Debug|Any CPU
		{88AF23DB-5AD2-27D3-1207-19A2A3452C92}.Release|Any CPU.ActiveCfg = Release|Any CPU
		{88AF23DB-5AD2-27D3-1207-19A2A3452C92}.Release|Any CPU.Build.0 = Release|Any CPU
		{2723F00E-D669-6D54-74E3-59E92CCD286E}.Debug|Any CPU.ActiveCfg = Debug|Any CPU
		{2723F00E-D669-6D54-74E3-59E92CCD286E}.Debug|Any CPU.Build.0 = Debug|Any CPU
		{2723F00E-D669-6D54-74E3-59E92CCD286E}.Release|Any CPU.ActiveCfg = Release|Any CPU
		{2723F00E-D669-6D54-74E3-59E92CCD286E}.Release|Any CPU.Build.0 = Release|Any CPU
		{C786DDCE-4CFE-B151-09D6-16C635A62321}.Debug|Any CPU.ActiveCfg = Debug|Any CPU
		{C786DDCE-4CFE-B151-09D6-16C635A62321}.Debug|Any CPU.Build.0 = Debug|Any CPU
		{C786DDCE-4CFE-B151-09D6-16C635A62321}.Release|Any CPU.ActiveCfg = Release|Any CPU
		{C786DDCE-4CFE-B151-09D6-16C635A62321}.Release|Any CPU.Build.0 = Release|Any CPU
		{BDD0A5BD-37CD-5D02-4735-F272027CBD80}.Debug|Any CPU.ActiveCfg = Debug|Any CPU
		{BDD0A5BD-37CD-5D02-4735-F272027CBD80}.Debug|Any CPU.Build.0 = Debug|Any CPU
		{BDD0A5BD-37CD-5D02-4735-F272027CBD80}.Release|Any CPU.ActiveCfg = Release|Any CPU
		{BDD0A5BD-37CD-5D02-4735-F272027CBD80}.Release|Any CPU.Build.0 = Release|Any CPU
		{821216F2-787B-8802-C443-2CDFB3AFD2DB}.Debug|Any CPU.ActiveCfg = Debug|Any CPU
		{821216F2-787B-8802-C443-2CDFB3AFD2DB}.Debug|Any CPU.Build.0 = Debug|Any CPU
		{821216F2-787B-8802-C443-2CDFB3AFD2DB}.Release|Any CPU.ActiveCfg = Release|Any CPU
		{821216F2-787B-8802-C443-2CDFB3AFD2DB}.Release|Any CPU.Build.0 = Release|Any CPU
		{BC0D576B-767C-C5DD-30E6-91DDBBFB5107}.Debug|Any CPU.ActiveCfg = Debug|Any CPU
		{BC0D576B-767C-C5DD-30E6-91DDBBFB5107}.Debug|Any CPU.Build.0 = Debug|Any CPU
		{BC0D576B-767C-C5DD-30E6-91DDBBFB5107}.Release|Any CPU.ActiveCfg = Release|Any CPU
		{BC0D576B-767C-C5DD-30E6-91DDBBFB5107}.Release|Any CPU.Build.0 = Release|Any CPU
	EndGlobalSection
	GlobalSection(SolutionProperties) = preSolution
		HideSolutionNode = FALSE
	EndGlobalSection
EndGlobal
